// !$*UTF8*$!
{
	archiveVersion = 1;
	classes = {
	};
	objectVersion = 50;
	objects = {

/* Begin PBXBuildFile section */
		9525B03F27AC5B2B0083584E /* TableViewController.swift in Sources */ = {isa = PBXBuildFile; fileRef = 9525B03E27AC5B2B0083584E /* TableViewController.swift */; };
		9525B04127AC5B700083584E /* TableViewCell.swift in Sources */ = {isa = PBXBuildFile; fileRef = 9525B04027AC5B700083584E /* TableViewCell.swift */; };
		9525B04327AC5B930083584E /* Meme.swift in Sources */ = {isa = PBXBuildFile; fileRef = 9525B04227AC5B930083584E /* Meme.swift */; };
		9525B04727AC5C2C0083584E /* DetailsViewController.swift in Sources */ = {isa = PBXBuildFile; fileRef = 9525B04627AC5C2C0083584E /* DetailsViewController.swift */; };
		9525B04A27AC5C740083584E /* CollectionViewController.swift in Sources */ = {isa = PBXBuildFile; fileRef = 9525B04927AC5C740083584E /* CollectionViewController.swift */; };
		9525B04C27AC5C930083584E /* CollectionViewCell.swift in Sources */ = {isa = PBXBuildFile; fileRef = 9525B04B27AC5C930083584E /* CollectionViewCell.swift */; };
		95CCDD3A26E969FF0061B949 /* AppDelegate.swift in Sources */ = {isa = PBXBuildFile; fileRef = 95CCDD3926E969FF0061B949 /* AppDelegate.swift */; };
		95CCDD3C26E969FF0061B949 /* SceneDelegate.swift in Sources */ = {isa = PBXBuildFile; fileRef = 95CCDD3B26E969FF0061B949 /* SceneDelegate.swift */; };
		95CCDD3E26E969FF0061B949 /* ViewController.swift in Sources */ = {isa = PBXBuildFile; fileRef = 95CCDD3D26E969FF0061B949 /* ViewController.swift */; };
		95CCDD4126E969FF0061B949 /* Main.storyboard in Resources */ = {isa = PBXBuildFile; fileRef = 95CCDD3F26E969FF0061B949 /* Main.storyboard */; };
		95CCDD4326E96A000061B949 /* Assets.xcassets in Resources */ = {isa = PBXBuildFile; fileRef = 95CCDD4226E96A000061B949 /* Assets.xcassets */; };
		95CCDD4626E96A000061B949 /* LaunchScreen.storyboard in Resources */ = {isa = PBXBuildFile; fileRef = 95CCDD4426E96A000061B949 /* LaunchScreen.storyboard */; };
/* End PBXBuildFile section */

/* Begin PBXFileReference section */
		9525B03E27AC5B2B0083584E /* TableViewController.swift */ = {isa = PBXFileReference; lastKnownFileType = sourcecode.swift; path = TableViewController.swift; sourceTree = "<group>"; };
		9525B04027AC5B700083584E /* TableViewCell.swift */ = {isa = PBXFileReference; lastKnownFileType = sourcecode.swift; path = TableViewCell.swift; sourceTree = "<group>"; };
		9525B04227AC5B930083584E /* Meme.swift */ = {isa = PBXFileReference; lastKnownFileType = sourcecode.swift; path = Meme.swift; sourceTree = "<group>"; };
		9525B04627AC5C2C0083584E /* DetailsViewController.swift */ = {isa = PBXFileReference; lastKnownFileType = sourcecode.swift; path = DetailsViewController.swift; sourceTree = "<group>"; };
		9525B04927AC5C740083584E /* CollectionViewController.swift */ = {isa = PBXFileReference; lastKnownFileType = sourcecode.swift; path = CollectionViewController.swift; sourceTree = "<group>"; };
		9525B04B27AC5C930083584E /* CollectionViewCell.swift */ = {isa = PBXFileReference; lastKnownFileType = sourcecode.swift; path = CollectionViewCell.swift; sourceTree = "<group>"; };
		95CCDD3626E969FF0061B949 /* MemeMe.app */ = {isa = PBXFileReference; explicitFileType = wrapper.application; includeInIndex = 0; path = MemeMe.app; sourceTree = BUILT_PRODUCTS_DIR; };
		95CCDD3926E969FF0061B949 /* AppDelegate.swift */ = {isa = PBXFileReference; lastKnownFileType = sourcecode.swift; path = AppDelegate.swift; sourceTree = "<group>"; };
		95CCDD3B26E969FF0061B949 /* SceneDelegate.swift */ = {isa = PBXFileReference; lastKnownFileType = sourcecode.swift; path = SceneDelegate.swift; sourceTree = "<group>"; };
		95CCDD3D26E969FF0061B949 /* ViewController.swift */ = {isa = PBXFileReference; lastKnownFileType = sourcecode.swift; path = ViewController.swift; sourceTree = "<group>"; };
		95CCDD4026E969FF0061B949 /* Base */ = {isa = PBXFileReference; lastKnownFileType = file.storyboard; name = Base; path = Base.lproj/Main.storyboard; sourceTree = "<group>"; };
		95CCDD4226E96A000061B949 /* Assets.xcassets */ = {isa = PBXFileReference; lastKnownFileType = folder.assetcatalog; path = Assets.xcassets; sourceTree = "<group>"; };
		95CCDD4526E96A000061B949 /* Base */ = {isa = PBXFileReference; lastKnownFileType = file.storyboard; name = Base; path = Base.lproj/LaunchScreen.storyboard; sourceTree = "<group>"; };
		95CCDD4726E96A000061B949 /* Info.plist */ = {isa = PBXFileReference; lastKnownFileType = text.plist.xml; path = Info.plist; sourceTree = "<group>"; };
/* End PBXFileReference section */

/* Begin PBXFrameworksBuildPhase section */
		95CCDD3326E969FF0061B949 /* Frameworks */ = {
			isa = PBXFrameworksBuildPhase;
			buildActionMask = 2147483647;
			files = (
			);
			runOnlyForDeploymentPostprocessing = 0;
		};
/* End PBXFrameworksBuildPhase section */

/* Begin PBXGroup section */
		9525B03D27AC5B110083584E /* Table */ = {
			isa = PBXGroup;
			children = (
				9525B03E27AC5B2B0083584E /* TableViewController.swift */,
				9525B04027AC5B700083584E /* TableViewCell.swift */,
			);
			path = Table;
			sourceTree = "<group>";
		};
		9525B04827AC5C5F0083584E /* Collection */ = {
			isa = PBXGroup;
			children = (
				9525B04927AC5C740083584E /* CollectionViewController.swift */,
				9525B04B27AC5C930083584E /* CollectionViewCell.swift */,
			);
			path = Collection;
			sourceTree = "<group>";
		};
		9597B4C527AD607A0075A937 /* Meme Editor */ = {
			isa = PBXGroup;
			children = (
				95CCDD3D26E969FF0061B949 /* ViewController.swift */,
				9525B04227AC5B930083584E /* Meme.swift */,
			);
			path = "Meme Editor";
			sourceTree = "<group>";
		};
		95CCDD2D26E969FF0061B949 = {
			isa = PBXGroup;
			children = (
				95CCDD3826E969FF0061B949 /* MemeMe */,
				95CCDD3726E969FF0061B949 /* Products */,
			);
			sourceTree = "<group>";
		};
		95CCDD3726E969FF0061B949 /* Products */ = {
			isa = PBXGroup;
			children = (
				95CCDD3626E969FF0061B949 /* MemeMe.app */,
			);
			name = Products;
			sourceTree = "<group>";
		};
		95CCDD3826E969FF0061B949 /* MemeMe */ = {
			isa = PBXGroup;
			children = (
				95CCDD3926E969FF0061B949 /* AppDelegate.swift */,
				95CCDD3B26E969FF0061B949 /* SceneDelegate.swift */,
				9597B4C527AD607A0075A937 /* Meme Editor */,
				9525B04827AC5C5F0083584E /* Collection */,
				9525B03D27AC5B110083584E /* Table */,
				9525B04627AC5C2C0083584E /* DetailsViewController.swift */,
				95CCDD3F26E969FF0061B949 /* Main.storyboard */,
				95CCDD4426E96A000061B949 /* LaunchScreen.storyboard */,
				95CCDD4226E96A000061B949 /* Assets.xcassets */,
				95CCDD4726E96A000061B949 /* Info.plist */,
			);
			path = MemeMe;
			sourceTree = "<group>";
		};
/* End PBXGroup section */

/* Begin PBXNativeTarget section */
		95CCDD3526E969FF0061B949 /* MemeMe */ = {
			isa = PBXNativeTarget;
			buildConfigurationList = 95CCDD4A26E96A000061B949 /* Build configuration list for PBXNativeTarget "MemeMe" */;
			buildPhases = (
				95CCDD3226E969FF0061B949 /* Sources */,
				95CCDD3326E969FF0061B949 /* Frameworks */,
				95CCDD3426E969FF0061B949 /* Resources */,
			);
			buildRules = (
			);
			dependencies = (
			);
			name = MemeMe;
			productName = MemeMe;
			productReference = 95CCDD3626E969FF0061B949 /* MemeMe.app */;
			productType = "com.apple.product-type.application";
		};
/* End PBXNativeTarget section */

/* Begin PBXProject section */
		95CCDD2E26E969FF0061B949 /* Project object */ = {
			isa = PBXProject;
			attributes = {
				LastSwiftUpdateCheck = 1250;
				LastUpgradeCheck = 1250;
				TargetAttributes = {
					95CCDD3526E969FF0061B949 = {
						CreatedOnToolsVersion = 12.5.1;
					};
				};
			};
			buildConfigurationList = 95CCDD3126E969FF0061B949 /* Build configuration list for PBXProject "MemeMe" */;
			compatibilityVersion = "Xcode 9.3";
			developmentRegion = en;
			hasScannedForEncodings = 0;
			knownRegions = (
				en,
				Base,
			);
			mainGroup = 95CCDD2D26E969FF0061B949;
			productRefGroup = 95CCDD3726E969FF0061B949 /* Products */;
			projectDirPath = "";
			projectRoot = "";
			targets = (
				95CCDD3526E969FF0061B949 /* MemeMe */,
			);
		};
/* End PBXProject section */

/* Begin PBXResourcesBuildPhase section */
		95CCDD3426E969FF0061B949 /* Resources */ = {
			isa = PBXResourcesBuildPhase;
			buildActionMask = 2147483647;
			files = (
				95CCDD4626E96A000061B949 /* LaunchScreen.storyboard in Resources */,
				95CCDD4326E96A000061B949 /* Assets.xcassets in Resources */,
				95CCDD4126E969FF0061B949 /* Main.storyboard in Resources */,
			);
			runOnlyForDeploymentPostprocessing = 0;
		};
/* End PBXResourcesBuildPhase section */

/* Begin PBXSourcesBuildPhase section */
		95CCDD3226E969FF0061B949 /* Sources */ = {
			isa = PBXSourcesBuildPhase;
			buildActionMask = 2147483647;
			files = (
				9525B04C27AC5C930083584E /* CollectionViewCell.swift in Sources */,
				9525B04A27AC5C740083584E /* CollectionViewController.swift in Sources */,
				9525B04127AC5B700083584E /* TableViewCell.swift in Sources */,
				95CCDD3E26E969FF0061B949 /* ViewController.swift in Sources */,
				9525B04727AC5C2C0083584E /* DetailsViewController.swift in Sources */,
				95CCDD3A26E969FF0061B949 /* AppDelegate.swift in Sources */,
				9525B04327AC5B930083584E /* Meme.swift in Sources */,
				95CCDD3C26E969FF0061B949 /* SceneDelegate.swift in Sources */,
				9525B03F27AC5B2B0083584E /* TableViewController.swift in Sources */,
			);
			runOnlyForDeploymentPostprocessing = 0;
		};
/* End PBXSourcesBuildPhase section */

/* Begin PBXVariantGroup section */
		95CCDD3F26E969FF0061B949 /* Main.storyboard */ = {
			isa = PBXVariantGroup;
			children = (
				95CCDD4026E969FF0061B949 /* Base */,
			);
			name = Main.storyboard;
			sourceTree = "<group>";
		};
		95CCDD4426E96A000061B949 /* LaunchScreen.storyboard */ = {
			isa = PBXVariantGroup;
			children = (
				95CCDD4526E96A000061B949 /* Base */,
			);
			name = LaunchScreen.storyboard;
			sourceTree = "<group>";
		};
/* End PBXVariantGroup section */

/* Begin XCBuildConfiguration section */
		95CCDD4826E96A000061B949 /* Debug */ = {
			isa = XCBuildConfiguration;
			buildSettings = {
				ALWAYS_SEARCH_USER_PATHS = NO;
				CLANG_ANALYZER_NONNULL = YES;
				CLANG_ANALYZER_NUMBER_OBJECT_CONVERSION = YES_AGGRESSIVE;
				CLANG_CXX_LANGUAGE_STANDARD = "gnu++14";
				CLANG_CXX_LIBRARY = "libc++";
				CLANG_ENABLE_MODULES = YES;
				CLANG_ENABLE_OBJC_ARC = YES;
				CLANG_ENABLE_OBJC_WEAK = YES;
				CLANG_WARN_BLOCK_CAPTURE_AUTORELEASING = YES;
				CLANG_WARN_BOOL_CONVERSION = YES;
				CLANG_WARN_COMMA = YES;
				CLANG_WARN_CONSTANT_CONVERSION = YES;
				CLANG_WARN_DEPRECATED_OBJC_IMPLEMENTATIONS = YES;
				CLANG_WARN_DIRECT_OBJC_ISA_USAGE = YES_ERROR;
				CLANG_WARN_DOCUMENTATION_COMMENTS = YES;
				CLANG_WARN_EMPTY_BODY = YES;
				CLANG_WARN_ENUM_CONVERSION = YES;
				CLANG_WARN_INFINITE_RECURSION = YES;
				CLANG_WARN_INT_CONVERSION = YES;
				CLANG_WARN_NON_LITERAL_NULL_CONVERSION = YES;
				CLANG_WARN_OBJC_IMPLICIT_RETAIN_SELF = YES;
				CLANG_WARN_OBJC_LITERAL_CONVERSION = YES;
				CLANG_WARN_OBJC_ROOT_CLASS = YES_ERROR;
				CLANG_WARN_QUOTED_INCLUDE_IN_FRAMEWORK_HEADER = YES;
				CLANG_WARN_RANGE_LOOP_ANALYSIS = YES;
				CLANG_WARN_STRICT_PROTOTYPES = YES;
				CLANG_WARN_SUSPICIOUS_MOVE = YES;
				CLANG_WARN_UNGUARDED_AVAILABILITY = YES_AGGRESSIVE;
				CLANG_WARN_UNREACHABLE_CODE = YES;
				CLANG_WARN__DUPLICATE_METHOD_MATCH = YES;
				COPY_PHASE_STRIP = NO;
				DEBUG_INFORMATION_FORMAT = dwarf;
				ENABLE_STRICT_OBJC_MSGSEND = YES;
				ENABLE_TESTABILITY = YES;
				GCC_C_LANGUAGE_STANDARD = gnu11;
				GCC_DYNAMIC_NO_PIC = NO;
				GCC_NO_COMMON_BLOCKS = YES;
				GCC_OPTIMIZATION_LEVEL = 0;
				GCC_PREPROCESSOR_DEFINITIONS = (
					"DEBUG=1",
					"$(inherited)",
				);
				GCC_WARN_64_TO_32_BIT_CONVERSION = YES;
				GCC_WARN_ABOUT_RETURN_TYPE = YES_ERROR;
				GCC_WARN_UNDECLARED_SELECTOR = YES;
				GCC_WARN_UNINITIALIZED_AUTOS = YES_AGGRESSIVE;
				GCC_WARN_UNUSED_FUNCTION = YES;
				GCC_WARN_UNUSED_VARIABLE = YES;
				IPHONEOS_DEPLOYMENT_TARGET = 14.5;
				MTL_ENABLE_DEBUG_INFO = INCLUDE_SOURCE;
				MTL_FAST_MATH = YES;
				ONLY_ACTIVE_ARCH = YES;
				SDKROOT = iphoneos;
				SWIFT_ACTIVE_COMPILATION_CONDITIONS = DEBUG;
				SWIFT_OPTIMIZATION_LEVEL = "-Onone";
			};
			name = Debug;
		};
		95CCDD4926E96A000061B949 /* Release */ = {
			isa = XCBuildConfiguration;
			buildSettings = {
				ALWAYS_SEARCH_USER_PATHS = NO;
				CLANG_ANALYZER_NONNULL = YES;
				CLANG_ANALYZER_NUMBER_OBJECT_CONVERSION = YES_AGGRESSIVE;
				CLANG_CXX_LANGUAGE_STANDARD = "gnu++14";
				CLANG_CXX_LIBRARY = "libc++";
				CLANG_ENABLE_MODULES = YES;
				CLANG_ENABLE_OBJC_ARC = YES;
				CLANG_ENABLE_OBJC_WEAK = YES;
				CLANG_WARN_BLOCK_CAPTURE_AUTORELEASING = YES;
				CLANG_WARN_BOOL_CONVERSION = YES;
				CLANG_WARN_COMMA = YES;
				CLANG_WARN_CONSTANT_CONVERSION = YES;
				CLANG_WARN_DEPRECATED_OBJC_IMPLEMENTATIONS = YES;
				CLANG_WARN_DIRECT_OBJC_ISA_USAGE = YES_ERROR;
				CLANG_WARN_DOCUMENTATION_COMMENTS = YES;
				CLANG_WARN_EMPTY_BODY = YES;
				CLANG_WARN_ENUM_CONVERSION = YES;
				CLANG_WARN_INFINITE_RECURSION = YES;
				CLANG_WARN_INT_CONVERSION = YES;
				CLANG_WARN_NON_LITERAL_NULL_CONVERSION = YES;
				CLANG_WARN_OBJC_IMPLICIT_RETAIN_SELF = YES;
				CLANG_WARN_OBJC_LITERAL_CONVERSION = YES;
				CLANG_WARN_OBJC_ROOT_CLASS = YES_ERROR;
				CLANG_WARN_QUOTED_INCLUDE_IN_FRAMEWORK_HEADER = YES;
				CLANG_WARN_RANGE_LOOP_ANALYSIS = YES;
				CLANG_WARN_STRICT_PROTOTYPES = YES;
				CLANG_WARN_SUSPICIOUS_MOVE = YES;
				CLANG_WARN_UNGUARDED_AVAILABILITY = YES_AGGRESSIVE;
				CLANG_WARN_UNREACHABLE_CODE = YES;
				CLANG_WARN__DUPLICATE_METHOD_MATCH = YES;
				COPY_PHASE_STRIP = NO;
				DEBUG_INFORMATION_FORMAT = "dwarf-with-dsym";
				ENABLE_NS_ASSERTIONS = NO;
				ENABLE_STRICT_OBJC_MSGSEND = YES;
				GCC_C_LANGUAGE_STANDARD = gnu11;
				GCC_NO_COMMON_BLOCKS = YES;
				GCC_WARN_64_TO_32_BIT_CONVERSION = YES;
				GCC_WARN_ABOUT_RETURN_TYPE = YES_ERROR;
				GCC_WARN_UNDECLARED_SELECTOR = YES;
				GCC_WARN_UNINITIALIZED_AUTOS = YES_AGGRESSIVE;
				GCC_WARN_UNUSED_FUNCTION = YES;
				GCC_WARN_UNUSED_VARIABLE = YES;
				IPHONEOS_DEPLOYMENT_TARGET = 14.5;
				MTL_ENABLE_DEBUG_INFO = NO;
				MTL_FAST_MATH = YES;
				SDKROOT = iphoneos;
				SWIFT_COMPILATION_MODE = wholemodule;
				SWIFT_OPTIMIZATION_LEVEL = "-O";
				VALIDATE_PRODUCT = YES;
			};
			name = Release;
		};
		95CCDD4B26E96A000061B949 /* Debug */ = {
			isa = XCBuildConfiguration;
			buildSettings = {
				ASSETCATALOG_COMPILER_APPICON_NAME = AppIcon;
				ASSETCATALOG_COMPILER_GLOBAL_ACCENT_COLOR_NAME = AccentColor;
				CODE_SIGN_STYLE = Automatic;
				DEVELOPMENT_TEAM = 94UUPGX482;
				INFOPLIST_FILE = MemeMe/Info.plist;
				LD_RUNPATH_SEARCH_PATHS = (
					"$(inherited)",
					"@executable_path/Frameworks",
				);
				PRODUCT_BUNDLE_IDENTIFIER = com.udacity.MemeMe;
				PRODUCT_NAME = "$(TARGET_NAME)";
				SWIFT_VERSION = 5.0;
				TARGETED_DEVICE_FAMILY = "1,2";
			};
			name = Debug;
		};
		95CCDD4C26E96A000061B949 /* Release */ = {
			isa = XCBuildConfiguration;
			buildSettings = {
				ASSETCATALOG_COMPILER_APPICON_NAME = AppIcon;
				ASSETCATALOG_COMPILER_GLOBAL_ACCENT_COLOR_NAME = AccentColor;
				CODE_SIGN_STYLE = Automatic;
				DEVELOPMENT_TEAM = 94UUPGX482;
				INFOPLIST_FILE = MemeMe/Info.plist;
				LD_RUNPATH_SEARCH_PATHS = (
					"$(inherited)",
					"@executable_path/Frameworks",
				);
				PRODUCT_BUNDLE_IDENTIFIER = com.udacity.MemeMe;
				PRODUCT_NAME = "$(TARGET_NAME)";
				SWIFT_VERSION = 5.0;
				TARGETED_DEVICE_FAMILY = "1,2";
			};
			name = Release;
		};
/* End XCBuildConfiguration section */

/* Begin XCConfigurationList section */
		95CCDD3126E969FF0061B949 /* Build configuration list for PBXProject "MemeMe" */ = {
			isa = XCConfigurationList;
			buildConfigurations = (
				95CCDD4826E96A000061B949 /* Debug */,
				95CCDD4926E96A000061B949 /* Release */,
			);
			defaultConfigurationIsVisible = 0;
			defaultConfigurationName = Release;
		};
		95CCDD4A26E96A000061B949 /* Build configuration list for PBXNativeTarget "MemeMe" */ = {
			isa = XCConfigurationList;
			buildConfigurations = (
				95CCDD4B26E96A000061B949 /* Debug */,
				95CCDD4C26E96A000061B949 /* Release */,
			);
			defaultConfigurationIsVisible = 0;
			defaultConfigurationName = Release;
		};
/* End XCConfigurationList section */
	};
	rootObject = 95CCDD2E26E969FF0061B949 /* Project object */;
}
